
Microsoft Visual Studio Solution File, Format Version 12.00
# Visual Studio Version 16
VisualStudioVersion = 16.0.30011.22
MinimumVisualStudioVersion = 10.0.40219.1
Project("{9A19103F-16F7-4668-BE54-9A1E7A4F7556}") = "Gravity.Service.Standalone", "Gravity.Service.Standalone\Gravity.Service.Standalone.csproj", "{C3ED69E6-4BB3-4D6B-84EE-E61571A7E77C}"
EndProject
Project("{2150E333-8FDC-42A3-9474-1A3956D46DE8}") = "Solution Items", "Solution Items", "{AC96B666-927F-48D9-BFEB-765ADE822BFF}"
	ProjectSection(SolutionItems) = preProject
		..\..\azure-pipelines.yml = ..\..\azure-pipelines.yml
	EndProjectSection
EndProject
Global
	GlobalSection(SolutionConfigurationPlatforms) = preSolution
		Debug|Any CPU = Debug|Any CPU
		Release|Any CPU = Release|Any CPU
	EndGlobalSection
	GlobalSection(ProjectConfigurationPlatforms) = postSolution
		{C3ED69E6-4BB3-4D6B-84EE-E61571A7E77C}.Debug|Any CPU.ActiveCfg = Debug|Any CPU
		{C3ED69E6-4BB3-4D6B-84EE-E61571A7E77C}.Debug|Any CPU.Build.0 = Debug|Any CPU
		{C3ED69E6-4BB3-4D6B-84EE-E61571A7E77C}.Release|Any CPU.ActiveCfg = Release|Any CPU
		{C3ED69E6-4BB3-4D6B-84EE-E61571A7E77C}.Release|Any CPU.Build.0 = Release|Any CPU
	EndGlobalSection
	GlobalSection(SolutionProperties) = preSolution
		HideSolutionNode = FALSE
	EndGlobalSection
	GlobalSection(ExtensibilityGlobals) = postSolution
		SolutionGuid = {57CB1174-493A-49C0-A59C-EED2FAA94287}
	EndGlobalSection
EndGlobal
